
Microsoft Visual Studio Solution File, Format Version 12.00
# Visual Studio Version 16
VisualStudioVersion = 16.0.29806.167
MinimumVisualStudioVersion = 10.0.40219.1
Project("{2150E333-8FDC-42A3-9474-1A3956D46DE8}") = "Coniguration", "Coniguration", "{D94A3A44-AA6E-4FFB-9F9A-312F5384E66B}"
EndProject
Project("{2150E333-8FDC-42A3-9474-1A3956D46DE8}") = "Feature", "Feature", "{EAB95137-CC77-4EAF-A95A-E9EBADE2A766}"
EndProject
Project("{2150E333-8FDC-42A3-9474-1A3956D46DE8}") = "Foundation", "Foundation", "{A647E43E-00EE-45EB-96DC-E351985C3E41}"
EndProject
Project("{2150E333-8FDC-42A3-9474-1A3956D46DE8}") = "Project", "Project", "{F1779BE4-C9F0-46A7-9F2F-BE10C1CF2C13}"
EndProject
Project("{2150E333-8FDC-42A3-9474-1A3956D46DE8}") = "Shop", "Shop", "{34E184E9-1320-46E1-8B73-2E21F381B1D7}"
EndProject
Project("{FAE04EC0-301F-11D3-BF4B-00C04F79EFBC}") = "Websites.Project.Shop", "src\Project\Shop\code\Websites.Project.Shop.csproj", "{C1AEE740-099B-4641-B714-C73A14150EE7}"
EndProject
Project("{2150E333-8FDC-42A3-9474-1A3956D46DE8}") = "ReusableComponents", "ReusableComponents", "{8C894CB8-F7CE-4F30-A665-65FD5DA91597}"
EndProject
Project("{2150E333-8FDC-42A3-9474-1A3956D46DE8}") = "Navigation", "Navigation", "{1193E61B-492B-4277-9D02-89DB111B7445}"
EndProject
Project("{FAE04EC0-301F-11D3-BF4B-00C04F79EFBC}") = "Websites.Feature.ReusableComponents.Navigation", "src\Feature\ReusableComponents\Navigation\code\Websites.Feature.ReusableComponents.Navigation.csproj", "{2901FBA3-ADDB-4D15-9E89-25035E738FC6}"
EndProject
Project("{2150E333-8FDC-42A3-9474-1A3956D46DE8}") = "Carousel", "Carousel", "{A1F933D9-20B7-4A24-B402-5D9065DF288B}"
EndProject
Project("{FAE04EC0-301F-11D3-BF4B-00C04F79EFBC}") = "Websites.ReusableComponents.Carousel", "src\Feature\ReusableComponents\Carousel\code\Websites.ReusableComponents.Carousel.csproj", "{81730633-CA69-4689-BBB1-C49D57723CC3}"
EndProject
Project("{2150E333-8FDC-42A3-9474-1A3956D46DE8}") = "HeroBanner", "HeroBanner", "{131B7F45-8E72-4D3B-B1C5-1368A66566FF}"
EndProject
Project("{FAE04EC0-301F-11D3-BF4B-00C04F79EFBC}") = "Websites.Feature.ReusableComponents.HeroBanner", "src\Feature\ReusableComponents\HeroBanner\code\Websites.Feature.ReusableComponents.HeroBanner.csproj", "{1FA7E132-DF67-4461-AE66-22739A57F036}"
EndProject
Project("{2150E333-8FDC-42A3-9474-1A3956D46DE8}") = "Products", "Products", "{7036839E-EC07-4788-8F7E-863B3ED907D7}"
EndProject
Project("{FAE04EC0-301F-11D3-BF4B-00C04F79EFBC}") = "Websites.Feature.ReusableComponents.Products", "src\Feature\ReusableComponents\Products\code\Websites.Feature.ReusableComponents.Products.csproj", "{DBDB8140-73B6-461A-B04B-C5EB876BFFD7}"
EndProject
Project("{2150E333-8FDC-42A3-9474-1A3956D46DE8}") = "TopProducts", "TopProducts", "{9029C8FA-51FE-4083-ACCF-60CE144D0CC7}"
EndProject
Project("{FAE04EC0-301F-11D3-BF4B-00C04F79EFBC}") = "Websites.Feature.ReusableComponents.TopProducts", "src\Feature\ReusableComponents\TopProducts\code\Websites.Feature.ReusableComponents.TopProducts.csproj", "{4DE8D703-2D40-4E09-AFC6-02499F62DCAA}"
EndProject
Project("{2150E333-8FDC-42A3-9474-1A3956D46DE8}") = "SocialNetworks", "SocialNetworks", "{6DEB96ED-5C84-4EA2-BC94-565734A54C6C}"
EndProject
Project("{FAE04EC0-301F-11D3-BF4B-00C04F79EFBC}") = "Websites.Feature.ReusableComponents.SocialNetworks", "src\Feature\ReusableComponents\SocialNetworks\code\Websites.Feature.ReusableComponents.SocialNetworks.csproj", "{D3EAB7CC-95DB-44B0-A874-00937A51ED08}"
EndProject
Project("{2150E333-8FDC-42A3-9474-1A3956D46DE8}") = "Blog", "Blog", "{D174A658-5399-4795-94A9-0CBFEF07BEF8}"
EndProject
Project("{FAE04EC0-301F-11D3-BF4B-00C04F79EFBC}") = "Websites.Project.Blog", "src\Project\Blog\code\Websites.Project.Blog.csproj", "{94BE87E0-2A16-4806-AFDF-5A11D54D1B97}"
EndProject
Project("{2150E333-8FDC-42A3-9474-1A3956D46DE8}") = "NotFoundItem", "NotFoundItem", "{AC23CE8F-195D-474C-A3EB-15D8DC5685B7}"
EndProject
Project("{FAE04EC0-301F-11D3-BF4B-00C04F79EFBC}") = "Websites.Feature.ReusableComponents.NotFoundItem", "src\Feature\ReusableComponents\NotFoundItem\code\Websites.Feature.ReusableComponents.NotFoundItem.csproj", "{A41743DE-63AE-470F-AE3A-A54D7B8EFA21}"
EndProject
Project("{2150E333-8FDC-42A3-9474-1A3956D46DE8}") = "DependencyInjection", "DependencyInjection", "{FB258C44-DAAC-4EF1-BDD1-C86D7DCDF16C}"
EndProject
Project("{FAE04EC0-301F-11D3-BF4B-00C04F79EFBC}") = "Websites.Foundation.DependencyInjection", "src\Foundation\DependencyInjection\code\Websites.Foundation.DependencyInjection.csproj", "{D3BF5ADF-2CE8-4096-B4C4-5297EA145EC8}"
EndProject
Project("{2150E333-8FDC-42A3-9474-1A3956D46DE8}") = "Serialization", "Serialization", "{57FD0EA1-F4D1-481E-A3FC-ECAEA76953EB}"
EndProject
Project("{FAE04EC0-301F-11D3-BF4B-00C04F79EFBC}") = "Websites.Foundation.Serialization", "src\Foundation\Serialization\code\Websites.Foundation.Serialization.csproj", "{ECDB9615-9E20-4F15-BDAD-B1FBD445D3F1}"
EndProject
Global
	GlobalSection(SolutionConfigurationPlatforms) = preSolution
		Debug|Any CPU = Debug|Any CPU
		Release|Any CPU = Release|Any CPU
	EndGlobalSection
	GlobalSection(ProjectConfigurationPlatforms) = postSolution
		{C1AEE740-099B-4641-B714-C73A14150EE7}.Debug|Any CPU.ActiveCfg = Debug|Any CPU
		{C1AEE740-099B-4641-B714-C73A14150EE7}.Debug|Any CPU.Build.0 = Debug|Any CPU
		{C1AEE740-099B-4641-B714-C73A14150EE7}.Release|Any CPU.ActiveCfg = Release|Any CPU
		{C1AEE740-099B-4641-B714-C73A14150EE7}.Release|Any CPU.Build.0 = Release|Any CPU
		{2901FBA3-ADDB-4D15-9E89-25035E738FC6}.Debug|Any CPU.ActiveCfg = Debug|Any CPU
		{2901FBA3-ADDB-4D15-9E89-25035E738FC6}.Debug|Any CPU.Build.0 = Debug|Any CPU
		{2901FBA3-ADDB-4D15-9E89-25035E738FC6}.Release|Any CPU.ActiveCfg = Release|Any CPU
		{2901FBA3-ADDB-4D15-9E89-25035E738FC6}.Release|Any CPU.Build.0 = Release|Any CPU
		{81730633-CA69-4689-BBB1-C49D57723CC3}.Debug|Any CPU.ActiveCfg = Debug|Any CPU
		{81730633-CA69-4689-BBB1-C49D57723CC3}.Debug|Any CPU.Build.0 = Debug|Any CPU
		{81730633-CA69-4689-BBB1-C49D57723CC3}.Release|Any CPU.ActiveCfg = Release|Any CPU
		{81730633-CA69-4689-BBB1-C49D57723CC3}.Release|Any CPU.Build.0 = Release|Any CPU
		{1FA7E132-DF67-4461-AE66-22739A57F036}.Debug|Any CPU.ActiveCfg = Debug|Any CPU
		{1FA7E132-DF67-4461-AE66-22739A57F036}.Debug|Any CPU.Build.0 = Debug|Any CPU
		{1FA7E132-DF67-4461-AE66-22739A57F036}.Release|Any CPU.ActiveCfg = Release|Any CPU
		{1FA7E132-DF67-4461-AE66-22739A57F036}.Release|Any CPU.Build.0 = Release|Any CPU
		{DBDB8140-73B6-461A-B04B-C5EB876BFFD7}.Debug|Any CPU.ActiveCfg = Debug|Any CPU
		{DBDB8140-73B6-461A-B04B-C5EB876BFFD7}.Debug|Any CPU.Build.0 = Debug|Any CPU
		{DBDB8140-73B6-461A-B04B-C5EB876BFFD7}.Release|Any CPU.ActiveCfg = Release|Any CPU
		{DBDB8140-73B6-461A-B04B-C5EB876BFFD7}.Release|Any CPU.Build.0 = Release|Any CPU
		{4DE8D703-2D40-4E09-AFC6-02499F62DCAA}.Debug|Any CPU.ActiveCfg = Debug|Any CPU
		{4DE8D703-2D40-4E09-AFC6-02499F62DCAA}.Debug|Any CPU.Build.0 = Debug|Any CPU
		{4DE8D703-2D40-4E09-AFC6-02499F62DCAA}.Release|Any CPU.ActiveCfg = Release|Any CPU
		{4DE8D703-2D40-4E09-AFC6-02499F62DCAA}.Release|Any CPU.Build.0 = Release|Any CPU
		{D3EAB7CC-95DB-44B0-A874-00937A51ED08}.Debug|Any CPU.ActiveCfg = Debug|Any CPU
		{D3EAB7CC-95DB-44B0-A874-00937A51ED08}.Debug|Any CPU.Build.0 = Debug|Any CPU
		{D3EAB7CC-95DB-44B0-A874-00937A51ED08}.Release|Any CPU.ActiveCfg = Release|Any CPU
		{D3EAB7CC-95DB-44B0-A874-00937A51ED08}.Release|Any CPU.Build.0 = Release|Any CPU
		{94BE87E0-2A16-4806-AFDF-5A11D54D1B97}.Debug|Any CPU.ActiveCfg = Debug|Any CPU
		{94BE87E0-2A16-4806-AFDF-5A11D54D1B97}.Debug|Any CPU.Build.0 = Debug|Any CPU
		{94BE87E0-2A16-4806-AFDF-5A11D54D1B97}.Release|Any CPU.ActiveCfg = Release|Any CPU
		{94BE87E0-2A16-4806-AFDF-5A11D54D1B97}.Release|Any CPU.Build.0 = Release|Any CPU
		{A41743DE-63AE-470F-AE3A-A54D7B8EFA21}.Debug|Any CPU.ActiveCfg = Debug|Any CPU
		{A41743DE-63AE-470F-AE3A-A54D7B8EFA21}.Debug|Any CPU.Build.0 = Debug|Any CPU
		{A41743DE-63AE-470F-AE3A-A54D7B8EFA21}.Release|Any CPU.ActiveCfg = Release|Any CPU
		{A41743DE-63AE-470F-AE3A-A54D7B8EFA21}.Release|Any CPU.Build.0 = Release|Any CPU
		{D3BF5ADF-2CE8-4096-B4C4-5297EA145EC8}.Debug|Any CPU.ActiveCfg = Debug|Any CPU
		{D3BF5ADF-2CE8-4096-B4C4-5297EA145EC8}.Debug|Any CPU.Build.0 = Debug|Any CPU
		{D3BF5ADF-2CE8-4096-B4C4-5297EA145EC8}.Release|Any CPU.ActiveCfg = Release|Any CPU
		{D3BF5ADF-2CE8-4096-B4C4-5297EA145EC8}.Release|Any CPU.Build.0 = Release|Any CPU
		{ECDB9615-9E20-4F15-BDAD-B1FBD445D3F1}.Debug|Any CPU.ActiveCfg = Debug|Any CPU
		{ECDB9615-9E20-4F15-BDAD-B1FBD445D3F1}.Debug|Any CPU.Build.0 = Debug|Any CPU
		{ECDB9615-9E20-4F15-BDAD-B1FBD445D3F1}.Release|Any CPU.ActiveCfg = Release|Any CPU
		{ECDB9615-9E20-4F15-BDAD-B1FBD445D3F1}.Release|Any CPU.Build.0 = Release|Any CPU
	EndGlobalSection
	GlobalSection(SolutionProperties) = preSolution
		HideSolutionNode = FALSE
	EndGlobalSection
	GlobalSection(NestedProjects) = preSolution
		{34E184E9-1320-46E1-8B73-2E21F381B1D7} = {F1779BE4-C9F0-46A7-9F2F-BE10C1CF2C13}
		{C1AEE740-099B-4641-B714-C73A14150EE7} = {34E184E9-1320-46E1-8B73-2E21F381B1D7}
		{8C894CB8-F7CE-4F30-A665-65FD5DA91597} = {EAB95137-CC77-4EAF-A95A-E9EBADE2A766}
		{1193E61B-492B-4277-9D02-89DB111B7445} = {8C894CB8-F7CE-4F30-A665-65FD5DA91597}
		{2901FBA3-ADDB-4D15-9E89-25035E738FC6} = {1193E61B-492B-4277-9D02-89DB111B7445}
		{A1F933D9-20B7-4A24-B402-5D9065DF288B} = {8C894CB8-F7CE-4F30-A665-65FD5DA91597}
		{81730633-CA69-4689-BBB1-C49D57723CC3} = {A1F933D9-20B7-4A24-B402-5D9065DF288B}
		{131B7F45-8E72-4D3B-B1C5-1368A66566FF} = {8C894CB8-F7CE-4F30-A665-65FD5DA91597}
		{1FA7E132-DF67-4461-AE66-22739A57F036} = {131B7F45-8E72-4D3B-B1C5-1368A66566FF}
		{7036839E-EC07-4788-8F7E-863B3ED907D7} = {8C894CB8-F7CE-4F30-A665-65FD5DA91597}
		{DBDB8140-73B6-461A-B04B-C5EB876BFFD7} = {7036839E-EC07-4788-8F7E-863B3ED907D7}
		{9029C8FA-51FE-4083-ACCF-60CE144D0CC7} = {8C894CB8-F7CE-4F30-A665-65FD5DA91597}
		{4DE8D703-2D40-4E09-AFC6-02499F62DCAA} = {9029C8FA-51FE-4083-ACCF-60CE144D0CC7}
		{6DEB96ED-5C84-4EA2-BC94-565734A54C6C} = {8C894CB8-F7CE-4F30-A665-65FD5DA91597}
		{D3EAB7CC-95DB-44B0-A874-00937A51ED08} = {6DEB96ED-5C84-4EA2-BC94-565734A54C6C}
		{D174A658-5399-4795-94A9-0CBFEF07BEF8} = {F1779BE4-C9F0-46A7-9F2F-BE10C1CF2C13}
		{94BE87E0-2A16-4806-AFDF-5A11D54D1B97} = {D174A658-5399-4795-94A9-0CBFEF07BEF8}
		{AC23CE8F-195D-474C-A3EB-15D8DC5685B7} = {8C894CB8-F7CE-4F30-A665-65FD5DA91597}
		{A41743DE-63AE-470F-AE3A-A54D7B8EFA21} = {AC23CE8F-195D-474C-A3EB-15D8DC5685B7}
		{FB258C44-DAAC-4EF1-BDD1-C86D7DCDF16C} = {A647E43E-00EE-45EB-96DC-E351985C3E41}
		{D3BF5ADF-2CE8-4096-B4C4-5297EA145EC8} = {FB258C44-DAAC-4EF1-BDD1-C86D7DCDF16C}
		{57FD0EA1-F4D1-481E-A3FC-ECAEA76953EB} = {A647E43E-00EE-45EB-96DC-E351985C3E41}
		{ECDB9615-9E20-4F15-BDAD-B1FBD445D3F1} = {57FD0EA1-F4D1-481E-A3FC-ECAEA76953EB}
	EndGlobalSection
	GlobalSection(ExtensibilityGlobals) = postSolution
		SolutionGuid = {008B6E12-9018-4DC3-A6D8-8F850BE776CE}
	EndGlobalSection
EndGlobal
